
Microsoft Visual Studio Solution File, Format Version 11.00
# Visual Studio 2010
Project("{FAE04EC0-301F-11D3-BF4B-00C04F79EFBC}") = "DotLiquid.Tests-2010", "DotLiquid.Tests\DotLiquid.Tests-2010.csproj", "{BF188514-A346-4D77-8314-D123FFEBDCA3}"
EndProject
Project("{FAE04EC0-301F-11D3-BF4B-00C04F79EFBC}") = "DotLiquid-2010", "DotLiquid\DotLiquid-2010.csproj", "{429C3908-6AEA-4EE6-9450-06A196DC87DB}"
EndProject
Global
	GlobalSection(TestCaseManagementSettings) = postSolution
		CategoryFile = Liquid.vsmdi
	EndGlobalSection
	GlobalSection(SolutionConfigurationPlatforms) = preSolution
		Debug|Any CPU = Debug|Any CPU
		Release|Any CPU = Release|Any CPU
	EndGlobalSection
	GlobalSection(ProjectConfigurationPlatforms) = postSolution
		{BF188514-A346-4D77-8314-D123FFEBDCA3}.Debug|Any CPU.ActiveCfg = Debug|Any CPU
		{BF188514-A346-4D77-8314-D123FFEBDCA3}.Debug|Any CPU.Build.0 = Debug|Any CPU
		{BF188514-A346-4D77-8314-D123FFEBDCA3}.Release|Any CPU.ActiveCfg = Release|Any CPU
		{BF188514-A346-4D77-8314-D123FFEBDCA3}.Release|Any CPU.Build.0 = Release|Any CPU
		{429C3908-6AEA-4EE6-9450-06A196DC87DB}.Debug|Any CPU.ActiveCfg = Debug|Any CPU
		{429C3908-6AEA-4EE6-9450-06A196DC87DB}.Debug|Any CPU.Build.0 = Debug|Any CPU
		{429C3908-6AEA-4EE6-9450-06A196DC87DB}.Release|Any CPU.ActiveCfg = Release|Any CPU
		{429C3908-6AEA-4EE6-9450-06A196DC87DB}.Release|Any CPU.Build.0 = Release|Any CPU
	EndGlobalSection
	GlobalSection(SolutionProperties) = preSolution
		HideSolutionNode = FALSE
	EndGlobalSection
EndGlobal
